<?xml version="1.0" encoding="UTF-8"?>
<CodeBlocks_project_file>
	<FileVersion major="1" minor="6"/>
	<Project>
		<Option title="SecretBundestagServer"/>
		<Option makefile_is_custom="1"/>
		<Option compiler="gcc"/>
		<Option virtualFolders="CMake Files\;CMake Files\test\;CMake Files\lib\;CMake Files\lib\WebsocketCpp\;CMake Files\lib\WebsocketCpp\test\;CMake Files\lib\WebsocketCpp\examples\;CMake Files\lib\json\;CMake Files\lib\json\cmake\;"/>
		<Build>
			<Target title="all">
				<Option working_dir="/home/tarik/Mobar-Coder/Secret-Bundestag-Server"/>
				<Option type="4"/>
				<MakeCommands>
					<Build command="/usr/bin/make -f &quot;/home/tarik/Mobar-Coder/Secret-Bundestag-Server/Makefile&quot;  VERBOSE=1 all"/>
					<CompileFile command="/usr/bin/make -f &quot;/home/tarik/Mobar-Coder/Secret-Bundestag-Server/Makefile&quot;  VERBOSE=1 &quot;$file&quot;"/>
					<Clean command="/usr/bin/make -f &quot;/home/tarik/Mobar-Coder/Secret-Bundestag-Server/Makefile&quot;  VERBOSE=1 clean"/>
					<DistClean command="/usr/bin/make -f &quot;/home/tarik/Mobar-Coder/Secret-Bundestag-Server/Makefile&quot;  VERBOSE=1 clean"/>
				</MakeCommands>
			</Target>
			<Target title="install/strip">
				<Option working_dir="/home/tarik/Mobar-Coder/Secret-Bundestag-Server"/>
				<Option type="4"/>
				<MakeCommands>
					<Build command="/usr/bin/make -f &quot;/home/tarik/Mobar-Coder/Secret-Bundestag-Server/Makefile&quot;  VERBOSE=1 install/strip"/>
					<CompileFile command="/usr/bin/make -f &quot;/home/tarik/Mobar-Coder/Secret-Bundestag-Server/Makefile&quot;  VERBOSE=1 &quot;$file&quot;"/>
					<Clean command="/usr/bin/make -f &quot;/home/tarik/Mobar-Coder/Secret-Bundestag-Server/Makefile&quot;  VERBOSE=1 clean"/>
					<DistClean command="/usr/bin/make -f &quot;/home/tarik/Mobar-Coder/Secret-Bundestag-Server/Makefile&quot;  VERBOSE=1 clean"/>
				</MakeCommands>
			</Target>
			<Target title="install/local">
				<Option working_dir="/home/tarik/Mobar-Coder/Secret-Bundestag-Server"/>
				<Option type="4"/>
				<MakeCommands>
					<Build command="/usr/bin/make -f &quot;/home/tarik/Mobar-Coder/Secret-Bundestag-Server/Makefile&quot;  VERBOSE=1 install/local"/>
					<CompileFile command="/usr/bin/make -f &quot;/home/tarik/Mobar-Coder/Secret-Bundestag-Server/Makefile&quot;  VERBOSE=1 &quot;$file&quot;"/>
					<Clean command="/usr/bin/make -f &quot;/home/tarik/Mobar-Coder/Secret-Bundestag-Server/Makefile&quot;  VERBOSE=1 clean"/>
					<DistClean command="/usr/bin/make -f &quot;/home/tarik/Mobar-Coder/Secret-Bundestag-Server/Makefile&quot;  VERBOSE=1 clean"/>
				</MakeCommands>
			</Target>
			<Target title="install">
				<Option working_dir="/home/tarik/Mobar-Coder/Secret-Bundestag-Server"/>
				<Option type="4"/>
				<MakeCommands>
					<Build command="/usr/bin/make -f &quot;/home/tarik/Mobar-Coder/Secret-Bundestag-Server/Makefile&quot;  VERBOSE=1 install"/>
					<CompileFile command="/usr/bin/make -f &quot;/home/tarik/Mobar-Coder/Secret-Bundestag-Server/Makefile&quot;  VERBOSE=1 &quot;$file&quot;"/>
					<Clean command="/usr/bin/make -f &quot;/home/tarik/Mobar-Coder/Secret-Bundestag-Server/Makefile&quot;  VERBOSE=1 clean"/>
					<DistClean command="/usr/bin/make -f &quot;/home/tarik/Mobar-Coder/Secret-Bundestag-Server/Makefile&quot;  VERBOSE=1 clean"/>
				</MakeCommands>
			</Target>
			<Target title="list_install_components">
				<Option working_dir="/home/tarik/Mobar-Coder/Secret-Bundestag-Server"/>
				<Option type="4"/>
				<MakeCommands>
					<Build command="/usr/bin/make -f &quot;/home/tarik/Mobar-Coder/Secret-Bundestag-Server/Makefile&quot;  VERBOSE=1 list_install_components"/>
					<CompileFile command="/usr/bin/make -f &quot;/home/tarik/Mobar-Coder/Secret-Bundestag-Server/Makefile&quot;  VERBOSE=1 &quot;$file&quot;"/>
					<Clean command="/usr/bin/make -f &quot;/home/tarik/Mobar-Coder/Secret-Bundestag-Server/Makefile&quot;  VERBOSE=1 clean"/>
					<DistClean command="/usr/bin/make -f &quot;/home/tarik/Mobar-Coder/Secret-Bundestag-Server/Makefile&quot;  VERBOSE=1 clean"/>
				</MakeCommands>
			</Target>
			<Target title="SecretBundestagServer">
				<Option output="/home/tarik/Mobar-Coder/Secret-Bundestag-Server/SecretBundestagServer" prefix_auto="0" extension_auto="0"/>
				<Option working_dir="/home/tarik/Mobar-Coder/Secret-Bundestag-Server"/>
				<Option object_output="./"/>
				<Option type="1"/>
				<Option compiler="gcc"/>
				<Compiler>
					<Add directory="/home/tarik/Mobar-Coder/Secret-Bundestag-Server/lib/WebsocketCpp/src"/>
					<Add directory="/home/tarik/Mobar-Coder/Secret-Bundestag-Server/lib"/>
					<Add directory="/home/tarik/Mobar-Coder/Secret-Bundestag-Server/lib/json/single_include"/>
				</Compiler>
				<MakeCommands>
					<Build command="/usr/bin/make -f &quot;/home/tarik/Mobar-Coder/Secret-Bundestag-Server/Makefile&quot;  VERBOSE=1 SecretBundestagServer"/>
					<CompileFile command="/usr/bin/make -f &quot;/home/tarik/Mobar-Coder/Secret-Bundestag-Server/Makefile&quot;  VERBOSE=1 &quot;$file&quot;"/>
					<Clean command="/usr/bin/make -f &quot;/home/tarik/Mobar-Coder/Secret-Bundestag-Server/Makefile&quot;  VERBOSE=1 clean"/>
					<DistClean command="/usr/bin/make -f &quot;/home/tarik/Mobar-Coder/Secret-Bundestag-Server/Makefile&quot;  VERBOSE=1 clean"/>
				</MakeCommands>
			</Target>
			<Target title="SecretBundestagServer/fast">
				<Option output="/home/tarik/Mobar-Coder/Secret-Bundestag-Server/SecretBundestagServer" prefix_auto="0" extension_auto="0"/>
				<Option working_dir="/home/tarik/Mobar-Coder/Secret-Bundestag-Server"/>
				<Option object_output="./"/>
				<Option type="1"/>
				<Option compiler="gcc"/>
				<Compiler>
					<Add directory="/home/tarik/Mobar-Coder/Secret-Bundestag-Server/lib/WebsocketCpp/src"/>
					<Add directory="/home/tarik/Mobar-Coder/Secret-Bundestag-Server/lib"/>
					<Add directory="/home/tarik/Mobar-Coder/Secret-Bundestag-Server/lib/json/single_include"/>
				</Compiler>
				<MakeCommands>
					<Build command="/usr/bin/make -f &quot;/home/tarik/Mobar-Coder/Secret-Bundestag-Server/Makefile&quot;  VERBOSE=1 SecretBundestagServer/fast"/>
					<CompileFile command="/usr/bin/make -f &quot;/home/tarik/Mobar-Coder/Secret-Bundestag-Server/Makefile&quot;  VERBOSE=1 &quot;$file&quot;"/>
					<Clean command="/usr/bin/make -f &quot;/home/tarik/Mobar-Coder/Secret-Bundestag-Server/Makefile&quot;  VERBOSE=1 clean"/>
					<DistClean command="/usr/bin/make -f &quot;/home/tarik/Mobar-Coder/Secret-Bundestag-Server/Makefile&quot;  VERBOSE=1 clean"/>
				</MakeCommands>
			</Target>
			<Target title="edit_cache">
				<Option working_dir="/home/tarik/Mobar-Coder/Secret-Bundestag-Server"/>
				<Option type="4"/>
				<MakeCommands>
					<Build command="/usr/bin/make -f &quot;/home/tarik/Mobar-Coder/Secret-Bundestag-Server/Makefile&quot;  VERBOSE=1 edit_cache"/>
					<CompileFile command="/usr/bin/make -f &quot;/home/tarik/Mobar-Coder/Secret-Bundestag-Server/Makefile&quot;  VERBOSE=1 &quot;$file&quot;"/>
					<Clean command="/usr/bin/make -f &quot;/home/tarik/Mobar-Coder/Secret-Bundestag-Server/Makefile&quot;  VERBOSE=1 clean"/>
					<DistClean command="/usr/bin/make -f &quot;/home/tarik/Mobar-Coder/Secret-Bundestag-Server/Makefile&quot;  VERBOSE=1 clean"/>
				</MakeCommands>
			</Target>
			<Target title="rebuild_cache">
				<Option working_dir="/home/tarik/Mobar-Coder/Secret-Bundestag-Server"/>
				<Option type="4"/>
				<MakeCommands>
					<Build command="/usr/bin/make -f &quot;/home/tarik/Mobar-Coder/Secret-Bundestag-Server/Makefile&quot;  VERBOSE=1 rebuild_cache"/>
					<CompileFile command="/usr/bin/make -f &quot;/home/tarik/Mobar-Coder/Secret-Bundestag-Server/Makefile&quot;  VERBOSE=1 &quot;$file&quot;"/>
					<Clean command="/usr/bin/make -f &quot;/home/tarik/Mobar-Coder/Secret-Bundestag-Server/Makefile&quot;  VERBOSE=1 clean"/>
					<DistClean command="/usr/bin/make -f &quot;/home/tarik/Mobar-Coder/Secret-Bundestag-Server/Makefile&quot;  VERBOSE=1 clean"/>
				</MakeCommands>
			</Target>
			<Target title="WebsocketCpp">
				<Option output="/home/tarik/Mobar-Coder/Secret-Bundestag-Server/lib/WebsocketCpp/libWebsocketCpp.a" prefix_auto="0" extension_auto="0"/>
				<Option working_dir="/home/tarik/Mobar-Coder/Secret-Bundestag-Server/lib/WebsocketCpp"/>
				<Option object_output="./"/>
				<Option type="2"/>
				<Option compiler="gcc"/>
				<Compiler>
					<Add directory="/home/tarik/Mobar-Coder/Secret-Bundestag-Server/lib/WebsocketCpp/src"/>
					<Add directory="/home/tarik/Mobar-Coder/Secret-Bundestag-Server/lib"/>
					<Add directory="/home/tarik/Mobar-Coder/Secret-Bundestag-Server/lib/json/single_include"/>
				</Compiler>
				<MakeCommands>
					<Build command="/usr/bin/make -f &quot;/home/tarik/Mobar-Coder/Secret-Bundestag-Server/lib/WebsocketCpp/Makefile&quot;  VERBOSE=1 WebsocketCpp"/>
					<CompileFile command="/usr/bin/make -f &quot;/home/tarik/Mobar-Coder/Secret-Bundestag-Server/lib/WebsocketCpp/Makefile&quot;  VERBOSE=1 &quot;$file&quot;"/>
					<Clean command="/usr/bin/make -f &quot;/home/tarik/Mobar-Coder/Secret-Bundestag-Server/lib/WebsocketCpp/Makefile&quot;  VERBOSE=1 clean"/>
					<DistClean command="/usr/bin/make -f &quot;/home/tarik/Mobar-Coder/Secret-Bundestag-Server/lib/WebsocketCpp/Makefile&quot;  VERBOSE=1 clean"/>
				</MakeCommands>
			</Target>
			<Target title="WebsocketCpp/fast">
				<Option output="/home/tarik/Mobar-Coder/Secret-Bundestag-Server/lib/WebsocketCpp/libWebsocketCpp.a" prefix_auto="0" extension_auto="0"/>
				<Option working_dir="/home/tarik/Mobar-Coder/Secret-Bundestag-Server/lib/WebsocketCpp"/>
				<Option object_output="./"/>
				<Option type="2"/>
				<Option compiler="gcc"/>
				<Compiler>
					<Add directory="/home/tarik/Mobar-Coder/Secret-Bundestag-Server/lib/WebsocketCpp/src"/>
					<Add directory="/home/tarik/Mobar-Coder/Secret-Bundestag-Server/lib"/>
					<Add directory="/home/tarik/Mobar-Coder/Secret-Bundestag-Server/lib/json/single_include"/>
				</Compiler>
				<MakeCommands>
					<Build command="/usr/bin/make -f &quot;/home/tarik/Mobar-Coder/Secret-Bundestag-Server/lib/WebsocketCpp/Makefile&quot;  VERBOSE=1 WebsocketCpp/fast"/>
					<CompileFile command="/usr/bin/make -f &quot;/home/tarik/Mobar-Coder/Secret-Bundestag-Server/lib/WebsocketCpp/Makefile&quot;  VERBOSE=1 &quot;$file&quot;"/>
					<Clean command="/usr/bin/make -f &quot;/home/tarik/Mobar-Coder/Secret-Bundestag-Server/lib/WebsocketCpp/Makefile&quot;  VERBOSE=1 clean"/>
					<DistClean command="/usr/bin/make -f &quot;/home/tarik/Mobar-Coder/Secret-Bundestag-Server/lib/WebsocketCpp/Makefile&quot;  VERBOSE=1 clean"/>
				</MakeCommands>
			</Target>
			<Target title="WebSocketCppClientExample">
				<Option output="/home/tarik/Mobar-Coder/Secret-Bundestag-Server/lib/WebsocketCpp/examples/WebSocketCppClientExample" prefix_auto="0" extension_auto="0"/>
				<Option working_dir="/home/tarik/Mobar-Coder/Secret-Bundestag-Server/lib/WebsocketCpp/examples"/>
				<Option object_output="./"/>
				<Option type="1"/>
				<Option compiler="gcc"/>
				<Compiler>
					<Add directory="/home/tarik/Mobar-Coder/Secret-Bundestag-Server/lib/WebsocketCpp/src"/>
					<Add directory="/home/tarik/Mobar-Coder/Secret-Bundestag-Server"/>
					<Add directory="/home/tarik/Mobar-Coder/Secret-Bundestag-Server/lib"/>
					<Add directory="/home/tarik/Mobar-Coder/Secret-Bundestag-Server/lib/json/single_include"/>
				</Compiler>
				<MakeCommands>
					<Build command="/usr/bin/make -f &quot;/home/tarik/Mobar-Coder/Secret-Bundestag-Server/lib/WebsocketCpp/examples/Makefile&quot;  VERBOSE=1 WebSocketCppClientExample"/>
					<CompileFile command="/usr/bin/make -f &quot;/home/tarik/Mobar-Coder/Secret-Bundestag-Server/lib/WebsocketCpp/examples/Makefile&quot;  VERBOSE=1 &quot;$file&quot;"/>
					<Clean command="/usr/bin/make -f &quot;/home/tarik/Mobar-Coder/Secret-Bundestag-Server/lib/WebsocketCpp/examples/Makefile&quot;  VERBOSE=1 clean"/>
					<DistClean command="/usr/bin/make -f &quot;/home/tarik/Mobar-Coder/Secret-Bundestag-Server/lib/WebsocketCpp/examples/Makefile&quot;  VERBOSE=1 clean"/>
				</MakeCommands>
			</Target>
			<Target title="WebSocketCppClientExample/fast">
				<Option output="/home/tarik/Mobar-Coder/Secret-Bundestag-Server/lib/WebsocketCpp/examples/WebSocketCppClientExample" prefix_auto="0" extension_auto="0"/>
				<Option working_dir="/home/tarik/Mobar-Coder/Secret-Bundestag-Server/lib/WebsocketCpp/examples"/>
				<Option object_output="./"/>
				<Option type="1"/>
				<Option compiler="gcc"/>
				<Compiler>
					<Add directory="/home/tarik/Mobar-Coder/Secret-Bundestag-Server/lib/WebsocketCpp/src"/>
					<Add directory="/home/tarik/Mobar-Coder/Secret-Bundestag-Server"/>
					<Add directory="/home/tarik/Mobar-Coder/Secret-Bundestag-Server/lib"/>
					<Add directory="/home/tarik/Mobar-Coder/Secret-Bundestag-Server/lib/json/single_include"/>
				</Compiler>
				<MakeCommands>
					<Build command="/usr/bin/make -f &quot;/home/tarik/Mobar-Coder/Secret-Bundestag-Server/lib/WebsocketCpp/examples/Makefile&quot;  VERBOSE=1 WebSocketCppClientExample/fast"/>
					<CompileFile command="/usr/bin/make -f &quot;/home/tarik/Mobar-Coder/Secret-Bundestag-Server/lib/WebsocketCpp/examples/Makefile&quot;  VERBOSE=1 &quot;$file&quot;"/>
					<Clean command="/usr/bin/make -f &quot;/home/tarik/Mobar-Coder/Secret-Bundestag-Server/lib/WebsocketCpp/examples/Makefile&quot;  VERBOSE=1 clean"/>
					<DistClean command="/usr/bin/make -f &quot;/home/tarik/Mobar-Coder/Secret-Bundestag-Server/lib/WebsocketCpp/examples/Makefile&quot;  VERBOSE=1 clean"/>
				</MakeCommands>
			</Target>
			<Target title="WebsocketCppServerExample">
				<Option output="/home/tarik/Mobar-Coder/Secret-Bundestag-Server/lib/WebsocketCpp/examples/WebsocketCppServerExample" prefix_auto="0" extension_auto="0"/>
				<Option working_dir="/home/tarik/Mobar-Coder/Secret-Bundestag-Server/lib/WebsocketCpp/examples"/>
				<Option object_output="./"/>
				<Option type="1"/>
				<Option compiler="gcc"/>
				<Compiler>
					<Add directory="/home/tarik/Mobar-Coder/Secret-Bundestag-Server/lib/WebsocketCpp/src"/>
					<Add directory="/home/tarik/Mobar-Coder/Secret-Bundestag-Server"/>
					<Add directory="/home/tarik/Mobar-Coder/Secret-Bundestag-Server/lib"/>
					<Add directory="/home/tarik/Mobar-Coder/Secret-Bundestag-Server/lib/json/single_include"/>
				</Compiler>
				<MakeCommands>
					<Build command="/usr/bin/make -f &quot;/home/tarik/Mobar-Coder/Secret-Bundestag-Server/lib/WebsocketCpp/examples/Makefile&quot;  VERBOSE=1 WebsocketCppServerExample"/>
					<CompileFile command="/usr/bin/make -f &quot;/home/tarik/Mobar-Coder/Secret-Bundestag-Server/lib/WebsocketCpp/examples/Makefile&quot;  VERBOSE=1 &quot;$file&quot;"/>
					<Clean command="/usr/bin/make -f &quot;/home/tarik/Mobar-Coder/Secret-Bundestag-Server/lib/WebsocketCpp/examples/Makefile&quot;  VERBOSE=1 clean"/>
					<DistClean command="/usr/bin/make -f &quot;/home/tarik/Mobar-Coder/Secret-Bundestag-Server/lib/WebsocketCpp/examples/Makefile&quot;  VERBOSE=1 clean"/>
				</MakeCommands>
			</Target>
			<Target title="WebsocketCppServerExample/fast">
				<Option output="/home/tarik/Mobar-Coder/Secret-Bundestag-Server/lib/WebsocketCpp/examples/WebsocketCppServerExample" prefix_auto="0" extension_auto="0"/>
				<Option working_dir="/home/tarik/Mobar-Coder/Secret-Bundestag-Server/lib/WebsocketCpp/examples"/>
				<Option object_output="./"/>
				<Option type="1"/>
				<Option compiler="gcc"/>
				<Compiler>
					<Add directory="/home/tarik/Mobar-Coder/Secret-Bundestag-Server/lib/WebsocketCpp/src"/>
					<Add directory="/home/tarik/Mobar-Coder/Secret-Bundestag-Server"/>
					<Add directory="/home/tarik/Mobar-Coder/Secret-Bundestag-Server/lib"/>
					<Add directory="/home/tarik/Mobar-Coder/Secret-Bundestag-Server/lib/json/single_include"/>
				</Compiler>
				<MakeCommands>
					<Build command="/usr/bin/make -f &quot;/home/tarik/Mobar-Coder/Secret-Bundestag-Server/lib/WebsocketCpp/examples/Makefile&quot;  VERBOSE=1 WebsocketCppServerExample/fast"/>
					<CompileFile command="/usr/bin/make -f &quot;/home/tarik/Mobar-Coder/Secret-Bundestag-Server/lib/WebsocketCpp/examples/Makefile&quot;  VERBOSE=1 &quot;$file&quot;"/>
					<Clean command="/usr/bin/make -f &quot;/home/tarik/Mobar-Coder/Secret-Bundestag-Server/lib/WebsocketCpp/examples/Makefile&quot;  VERBOSE=1 clean"/>
					<DistClean command="/usr/bin/make -f &quot;/home/tarik/Mobar-Coder/Secret-Bundestag-Server/lib/WebsocketCpp/examples/Makefile&quot;  VERBOSE=1 clean"/>
				</MakeCommands>
			</Target>
			<Target title="Continuous">
				<Option working_dir="/home/tarik/Mobar-Coder/Secret-Bundestag-Server/lib/json"/>
				<Option type="4"/>
				<MakeCommands>
					<Build command="/usr/bin/make -f &quot;/home/tarik/Mobar-Coder/Secret-Bundestag-Server/lib/json/Makefile&quot;  VERBOSE=1 Continuous"/>
					<CompileFile command="/usr/bin/make -f &quot;/home/tarik/Mobar-Coder/Secret-Bundestag-Server/lib/json/Makefile&quot;  VERBOSE=1 &quot;$file&quot;"/>
					<Clean command="/usr/bin/make -f &quot;/home/tarik/Mobar-Coder/Secret-Bundestag-Server/lib/json/Makefile&quot;  VERBOSE=1 clean"/>
					<DistClean command="/usr/bin/make -f &quot;/home/tarik/Mobar-Coder/Secret-Bundestag-Server/lib/json/Makefile&quot;  VERBOSE=1 clean"/>
				</MakeCommands>
			</Target>
			<Target title="Nightly">
				<Option working_dir="/home/tarik/Mobar-Coder/Secret-Bundestag-Server/lib/json"/>
				<Option type="4"/>
				<MakeCommands>
					<Build command="/usr/bin/make -f &quot;/home/tarik/Mobar-Coder/Secret-Bundestag-Server/lib/json/Makefile&quot;  VERBOSE=1 Nightly"/>
					<CompileFile command="/usr/bin/make -f &quot;/home/tarik/Mobar-Coder/Secret-Bundestag-Server/lib/json/Makefile&quot;  VERBOSE=1 &quot;$file&quot;"/>
					<Clean command="/usr/bin/make -f &quot;/home/tarik/Mobar-Coder/Secret-Bundestag-Server/lib/json/Makefile&quot;  VERBOSE=1 clean"/>
					<DistClean command="/usr/bin/make -f &quot;/home/tarik/Mobar-Coder/Secret-Bundestag-Server/lib/json/Makefile&quot;  VERBOSE=1 clean"/>
				</MakeCommands>
			</Target>
			<Target title="Experimental">
				<Option working_dir="/home/tarik/Mobar-Coder/Secret-Bundestag-Server/lib/json"/>
				<Option type="4"/>
				<MakeCommands>
					<Build command="/usr/bin/make -f &quot;/home/tarik/Mobar-Coder/Secret-Bundestag-Server/lib/json/Makefile&quot;  VERBOSE=1 Experimental"/>
					<CompileFile command="/usr/bin/make -f &quot;/home/tarik/Mobar-Coder/Secret-Bundestag-Server/lib/json/Makefile&quot;  VERBOSE=1 &quot;$file&quot;"/>
					<Clean command="/usr/bin/make -f &quot;/home/tarik/Mobar-Coder/Secret-Bundestag-Server/lib/json/Makefile&quot;  VERBOSE=1 clean"/>
					<DistClean command="/usr/bin/make -f &quot;/home/tarik/Mobar-Coder/Secret-Bundestag-Server/lib/json/Makefile&quot;  VERBOSE=1 clean"/>
				</MakeCommands>
			</Target>
		</Build>
		<Unit filename="/home/tarik/Mobar-Coder/Secret-Bundestag-Server/lib/WebsocketCpp/examples/ClientTest.cpp">
			<Option target="WebSocketCppClientExample"/>
		</Unit>
		<Unit filename="/home/tarik/Mobar-Coder/Secret-Bundestag-Server/lib/WebsocketCpp/examples/ServerTest.cpp">
			<Option target="WebsocketCppServerExample"/>
		</Unit>
		<Unit filename="/home/tarik/Mobar-Coder/Secret-Bundestag-Server/lib/WebsocketCpp/src/Client/WebSocketClient.cpp">
			<Option target="WebsocketCpp"/>
			<Option target="WebSocketCppClientExample"/>
			<Option target="WebsocketCppServerExample"/>
		</Unit>
		<Unit filename="/home/tarik/Mobar-Coder/Secret-Bundestag-Server/lib/WebsocketCpp/src/Client/WebSocketClient.hpp">
			<Option target="WebsocketCpp"/>
			<Option target="WebSocketCppClientExample"/>
			<Option target="WebsocketCppServerExample"/>
		</Unit>
		<Unit filename="/home/tarik/Mobar-Coder/Secret-Bundestag-Server/lib/WebsocketCpp/src/Server/Connection.cpp">
			<Option target="WebsocketCpp"/>
			<Option target="WebSocketCppClientExample"/>
			<Option target="WebsocketCppServerExample"/>
		</Unit>
		<Unit filename="/home/tarik/Mobar-Coder/Secret-Bundestag-Server/lib/WebsocketCpp/src/Server/Connection.hpp">
			<Option target="WebsocketCpp"/>
			<Option target="WebSocketCppClientExample"/>
			<Option target="WebsocketCppServerExample"/>
		</Unit>
		<Unit filename="/home/tarik/Mobar-Coder/Secret-Bundestag-Server/lib/WebsocketCpp/src/Server/WebSocketServer.cpp">
			<Option target="WebsocketCpp"/>
			<Option target="WebSocketCppClientExample"/>
			<Option target="WebsocketCppServerExample"/>
		</Unit>
		<Unit filename="/home/tarik/Mobar-Coder/Secret-Bundestag-Server/lib/WebsocketCpp/src/Server/WebSocketServer.hpp">
			<Option target="WebsocketCpp"/>
			<Option target="WebSocketCppClientExample"/>
			<Option target="WebsocketCppServerExample"/>
		</Unit>
		<Unit filename="/home/tarik/Mobar-Coder/Secret-Bundestag-Server/src/comm/ConnectionHandler.cpp">
			<Option target="SecretBundestagServer"/>
		</Unit>
		<Unit filename="/home/tarik/Mobar-Coder/Secret-Bundestag-Server/src/comm/ConnectionHandler.hpp">
			<Option target="SecretBundestagServer"/>
		</Unit>
		<Unit filename="/home/tarik/Mobar-Coder/Secret-Bundestag-Server/src/comm/Lobby.cpp">
			<Option target="SecretBundestagServer"/>
		</Unit>
		<Unit filename="/home/tarik/Mobar-Coder/Secret-Bundestag-Server/src/comm/Lobby.hpp">
			<Option target="SecretBundestagServer"/>
		</Unit>
		<Unit filename="/home/tarik/Mobar-Coder/Secret-Bundestag-Server/src/comm/LobbyHandler.cpp">
			<Option target="SecretBundestagServer"/>
		</Unit>
		<Unit filename="/home/tarik/Mobar-Coder/Secret-Bundestag-Server/src/comm/LobbyHandler.hpp">
			<Option target="SecretBundestagServer"/>
		</Unit>
		<Unit filename="/home/tarik/Mobar-Coder/Secret-Bundestag-Server/src/gamelogic/gamecontroller/Controller.cpp">
			<Option target="SecretBundestagServer"/>
		</Unit>
		<Unit filename="/home/tarik/Mobar-Coder/Secret-Bundestag-Server/src/gamelogic/gamecontroller/Controller.hpp">
			<Option target="SecretBundestagServer"/>
		</Unit>
		<Unit filename="/home/tarik/Mobar-Coder/Secret-Bundestag-Server/src/gamelogic/gamemodel/Board.cpp">
			<Option target="SecretBundestagServer"/>
		</Unit>
		<Unit filename="/home/tarik/Mobar-Coder/Secret-Bundestag-Server/src/gamelogic/gamemodel/Board.hpp">
			<Option target="SecretBundestagServer"/>
		</Unit>
		<Unit filename="/home/tarik/Mobar-Coder/Secret-Bundestag-Server/src/gamelogic/gamemodel/CardRange.cpp">
			<Option target="SecretBundestagServer"/>
		</Unit>
		<Unit filename="/home/tarik/Mobar-Coder/Secret-Bundestag-Server/src/gamelogic/gamemodel/CardRange.hpp">
			<Option target="SecretBundestagServer"/>
		</Unit>
		<Unit filename="/home/tarik/Mobar-Coder/Secret-Bundestag-Server/src/gamelogic/gamemodel/Environment.cpp">
			<Option target="SecretBundestagServer"/>
		</Unit>
		<Unit filename="/home/tarik/Mobar-Coder/Secret-Bundestag-Server/src/gamelogic/gamemodel/Environment.hpp">
			<Option target="SecretBundestagServer"/>
		</Unit>
		<Unit filename="/home/tarik/Mobar-Coder/Secret-Bundestag-Server/src/gamelogic/gamemodel/EventTrigger.cpp">
			<Option target="SecretBundestagServer"/>
		</Unit>
		<Unit filename="/home/tarik/Mobar-Coder/Secret-Bundestag-Server/src/gamelogic/gamemodel/EventTrigger.hpp">
			<Option target="SecretBundestagServer"/>
		</Unit>
		<Unit filename="/home/tarik/Mobar-Coder/Secret-Bundestag-Server/src/gamelogic/gamemodel/GameStateRepresentation.cpp">
			<Option target="SecretBundestagServer"/>
		</Unit>
		<Unit filename="/home/tarik/Mobar-Coder/Secret-Bundestag-Server/src/gamelogic/gamemodel/GameStateRepresentation.hpp">
			<Option target="SecretBundestagServer"/>
		</Unit>
		<Unit filename="/home/tarik/Mobar-Coder/Secret-Bundestag-Server/src/gamelogic/gamemodel/Player.cpp">
			<Option target="SecretBundestagServer"/>
		</Unit>
		<Unit filename="/home/tarik/Mobar-Coder/Secret-Bundestag-Server/src/gamelogic/gamemodel/Player.hpp">
			<Option target="SecretBundestagServer"/>
		</Unit>
		<Unit filename="/home/tarik/Mobar-Coder/Secret-Bundestag-Server/src/gamelogic/gamemodel/RuleSet.cpp">
			<Option target="SecretBundestagServer"/>
		</Unit>
		<Unit filename="/home/tarik/Mobar-Coder/Secret-Bundestag-Server/src/gamelogic/gamemodel/RuleSet.hpp">
			<Option target="SecretBundestagServer"/>
		</Unit>
		<Unit filename="/home/tarik/Mobar-Coder/Secret-Bundestag-Server/src/gamelogic/gamemodel/SingleCardEventTrigger.cpp">
			<Option target="SecretBundestagServer"/>
		</Unit>
		<Unit filename="/home/tarik/Mobar-Coder/Secret-Bundestag-Server/src/gamelogic/gamemodel/SingleCardEventTrigger.hpp">
			<Option target="SecretBundestagServer"/>
		</Unit>
		<Unit filename="/home/tarik/Mobar-Coder/Secret-Bundestag-Server/src/main.cpp">
			<Option target="SecretBundestagServer"/>
		</Unit>
		<Unit filename="/home/tarik/Mobar-Coder/Secret-Bundestag-Server/src/messages/Accept.cpp">
			<Option target="SecretBundestagServer"/>
		</Unit>
		<Unit filename="/home/tarik/Mobar-Coder/Secret-Bundestag-Server/src/messages/Accept.hpp">
			<Option target="SecretBundestagServer"/>
		</Unit>
		<Unit filename="/home/tarik/Mobar-Coder/Secret-Bundestag-Server/src/messages/Error.cpp">
			<Option target="SecretBundestagServer"/>
		</Unit>
		<Unit filename="/home/tarik/Mobar-Coder/Secret-Bundestag-Server/src/messages/Error.hpp">
			<Option target="SecretBundestagServer"/>
		</Unit>
		<Unit filename="/home/tarik/Mobar-Coder/Secret-Bundestag-Server/src/messages/GameEnd.cpp">
			<Option target="SecretBundestagServer"/>
		</Unit>
		<Unit filename="/home/tarik/Mobar-Coder/Secret-Bundestag-Server/src/messages/GameEnd.hpp">
			<Option target="SecretBundestagServer"/>
		</Unit>
		<Unit filename="/home/tarik/Mobar-Coder/Secret-Bundestag-Server/src/messages/GameStart.cpp">
			<Option target="SecretBundestagServer"/>
		</Unit>
		<Unit filename="/home/tarik/Mobar-Coder/Secret-Bundestag-Server/src/messages/GameStart.hpp">
			<Option target="SecretBundestagServer"/>
		</Unit>
		<Unit filename="/home/tarik/Mobar-Coder/Secret-Bundestag-Server/src/messages/GameState.cpp">
			<Option target="SecretBundestagServer"/>
		</Unit>
		<Unit filename="/home/tarik/Mobar-Coder/Secret-Bundestag-Server/src/messages/GameState.hpp">
			<Option target="SecretBundestagServer"/>
		</Unit>
		<Unit filename="/home/tarik/Mobar-Coder/Secret-Bundestag-Server/src/messages/GenericReply.cpp">
			<Option target="SecretBundestagServer"/>
		</Unit>
		<Unit filename="/home/tarik/Mobar-Coder/Secret-Bundestag-Server/src/messages/GenericReply.hpp">
			<Option target="SecretBundestagServer"/>
		</Unit>
		<Unit filename="/home/tarik/Mobar-Coder/Secret-Bundestag-Server/src/messages/JoinRequest.cpp">
			<Option target="SecretBundestagServer"/>
		</Unit>
		<Unit filename="/home/tarik/Mobar-Coder/Secret-Bundestag-Server/src/messages/JoinRequest.hpp">
			<Option target="SecretBundestagServer"/>
		</Unit>
		<Unit filename="/home/tarik/Mobar-Coder/Secret-Bundestag-Server/src/messages/Message.cpp">
			<Option target="SecretBundestagServer"/>
		</Unit>
		<Unit filename="/home/tarik/Mobar-Coder/Secret-Bundestag-Server/src/messages/Message.hpp">
			<Option target="SecretBundestagServer"/>
		</Unit>
		<Unit filename="/home/tarik/Mobar-Coder/Secret-Bundestag-Server/src/messages/Player.cpp">
			<Option target="SecretBundestagServer"/>
		</Unit>
		<Unit filename="/home/tarik/Mobar-Coder/Secret-Bundestag-Server/src/messages/Player.hpp">
			<Option target="SecretBundestagServer"/>
		</Unit>
		<Unit filename="/home/tarik/Mobar-Coder/Secret-Bundestag-Server/src/messages/RequestDecision.cpp">
			<Option target="SecretBundestagServer"/>
		</Unit>
		<Unit filename="/home/tarik/Mobar-Coder/Secret-Bundestag-Server/src/messages/RequestDecision.hpp">
			<Option target="SecretBundestagServer"/>
		</Unit>
		<Unit filename="/home/tarik/Mobar-Coder/Secret-Bundestag-Server/src/messages/StartRequest.cpp">
			<Option target="SecretBundestagServer"/>
		</Unit>
		<Unit filename="/home/tarik/Mobar-Coder/Secret-Bundestag-Server/src/messages/StartRequest.hpp">
			<Option target="SecretBundestagServer"/>
		</Unit>
		<Unit filename="/home/tarik/Mobar-Coder/Secret-Bundestag-Server/src/util/ArgumentParser.cpp">
			<Option target="SecretBundestagServer"/>
		</Unit>
		<Unit filename="/home/tarik/Mobar-Coder/Secret-Bundestag-Server/src/util/ArgumentParser.hpp">
			<Option target="SecretBundestagServer"/>
		</Unit>
		<Unit filename="/home/tarik/Mobar-Coder/Secret-Bundestag-Server/src/util/Logging.cpp">
			<Option target="SecretBundestagServer"/>
		</Unit>
		<Unit filename="/home/tarik/Mobar-Coder/Secret-Bundestag-Server/src/util/Logging.hpp">
			<Option target="SecretBundestagServer"/>
		</Unit>
		<Unit filename="/home/tarik/Mobar-Coder/Secret-Bundestag-Server/src/util/RandomGenerator.cpp">
			<Option target="SecretBundestagServer"/>
		</Unit>
		<Unit filename="/home/tarik/Mobar-Coder/Secret-Bundestag-Server/src/util/RandomGenerator.hpp">
			<Option target="SecretBundestagServer"/>
		</Unit>
		<Unit filename="/home/tarik/Mobar-Coder/Secret-Bundestag-Server/CMakeLists.txt">
			<Option virtualFolder="CMake Files\"/>
		</Unit>
		<Unit filename="/home/tarik/Mobar-Coder/Secret-Bundestag-Server/test/CMakeLists.txt">
			<Option virtualFolder="CMake Files\test\"/>
		</Unit>
		<Unit filename="/home/tarik/Mobar-Coder/Secret-Bundestag-Server/lib/WebsocketCpp/CMakeLists.txt">
			<Option virtualFolder="CMake Files\lib\WebsocketCpp\"/>
		</Unit>
		<Unit filename="/home/tarik/Mobar-Coder/Secret-Bundestag-Server/lib/WebsocketCpp/test/CMakeLists.txt">
			<Option virtualFolder="CMake Files\lib\WebsocketCpp\test\"/>
		</Unit>
		<Unit filename="/home/tarik/Mobar-Coder/Secret-Bundestag-Server/lib/WebsocketCpp/examples/CMakeLists.txt">
			<Option virtualFolder="CMake Files\lib\WebsocketCpp\examples\"/>
		</Unit>
		<Unit filename="/home/tarik/Mobar-Coder/Secret-Bundestag-Server/lib/json/CMakeLists.txt">
			<Option virtualFolder="CMake Files\lib\json\"/>
		</Unit>
		<Unit filename="/home/tarik/Mobar-Coder/Secret-Bundestag-Server/lib/json/cmake/config.cmake.in">
			<Option virtualFolder="CMake Files\lib\json\cmake\"/>
		</Unit>
		<Unit filename="/home/tarik/Mobar-Coder/Secret-Bundestag-Server/lib/json/cmake/nlohmann_jsonConfigVersion.cmake.in">
			<Option virtualFolder="CMake Files\lib\json\cmake\"/>
		</Unit>
		<Unit filename="/home/tarik/Mobar-Coder/Secret-Bundestag-Server/lib/json/cmake/pkg-config.pc.in">
			<Option virtualFolder="CMake Files\lib\json\cmake\"/>
		</Unit>
	</Project>
</CodeBlocks_project_file>
